
Microsoft Visual Studio Solution File, Format Version 12.00
# Visual Studio Version 17
VisualStudioVersion = 17.3.32901.215
MinimumVisualStudioVersion = 10.0.40219.1
Project("{FAE04EC0-301F-11D3-BF4B-00C04F79EFBC}") = "WarehouseSim", "WarehouseSim\WarehouseSim.csproj", "{AFCFB615-9A8B-4560-8255-1AD1958E82BE}"
EndProject
Global
	GlobalSection(SolutionConfigurationPlatforms) = preSolution
		Debug|Any CPU = Debug|Any CPU
		Release|Any CPU = Release|Any CPU
	EndGlobalSection
	GlobalSection(ProjectConfigurationPlatforms) = postSolution
		{AFCFB615-9A8B-4560-8255-1AD1958E82BE}.Debug|Any CPU.ActiveCfg = Debug|Any CPU
		{AFCFB615-9A8B-4560-8255-1AD1958E82BE}.Debug|Any CPU.Build.0 = Debug|Any CPU
		{AFCFB615-9A8B-4560-8255-1AD1958E82BE}.Release|Any CPU.ActiveCfg = Release|Any CPU
		{AFCFB615-9A8B-4560-8255-1AD1958E82BE}.Release|Any CPU.Build.0 = Release|Any CPU
	EndGlobalSection
	GlobalSection(SolutionProperties) = preSolution
		HideSolutionNode = FALSE
	EndGlobalSection
	GlobalSection(ExtensibilityGlobals) = postSolution
		SolutionGuid = {FE29C9F6-D9FB-4F0E-9447-3654C836E9A4}
	EndGlobalSection
EndGlobal
